
Microsoft Visual Studio Solution File, Format Version 12.00
# Visual Studio Version 16
VisualStudioVersion = 16.0.29215.179
MinimumVisualStudioVersion = 10.0.40219.1
Project("{FAE04EC0-301F-11D3-BF4B-00C04F79EFBC}") = "WebAppProductoCF", "WebAppProductoCF\WebAppProductoCF.csproj", "{5E2548C9-70F2-411C-8133-7AD812F2A97A}"
EndProject
Global
	GlobalSection(SolutionConfigurationPlatforms) = preSolution
		Debug|Any CPU = Debug|Any CPU
		Release|Any CPU = Release|Any CPU
	EndGlobalSection
	GlobalSection(ProjectConfigurationPlatforms) = postSolution
		{5E2548C9-70F2-411C-8133-7AD812F2A97A}.Debug|Any CPU.ActiveCfg = Debug|Any CPU
		{5E2548C9-70F2-411C-8133-7AD812F2A97A}.Debug|Any CPU.Build.0 = Debug|Any CPU
		{5E2548C9-70F2-411C-8133-7AD812F2A97A}.Release|Any CPU.ActiveCfg = Release|Any CPU
		{5E2548C9-70F2-411C-8133-7AD812F2A97A}.Release|Any CPU.Build.0 = Release|Any CPU
	EndGlobalSection
	GlobalSection(SolutionProperties) = preSolution
		HideSolutionNode = FALSE
	EndGlobalSection
	GlobalSection(ExtensibilityGlobals) = postSolution
		SolutionGuid = {B68C78DF-8A44-4E41-8998-B62A6D33017D}
	EndGlobalSection
EndGlobal
